
Microsoft Visual Studio Solution File, Format Version 12.00
# Visual Studio Version 17
VisualStudioVersion = 17.8.34330.188
MinimumVisualStudioVersion = 10.0.40219.1
Project("{9A19103F-16F7-4668-BE54-9A1E7A4F7556}") = "Micro_Services", "Micro_Services\Micro_Services.csproj", "{54C68FE9-3481-42A4-B510-60E3130DC3DE}"
EndProject
Project("{9A19103F-16F7-4668-BE54-9A1E7A4F7556}") = "API", "API\API.csproj", "{B296198B-056C-448D-AB08-E78B5D90645C}"
EndProject
Project("{9A19103F-16F7-4668-BE54-9A1E7A4F7556}") = "Gateway", "Gateway\Gateway.csproj", "{63924E1B-8F41-49C2-AB49-950ECAC9A45E}"
EndProject
Project("{FAE04EC0-301F-11D3-BF4B-00C04F79EFBC}") = "UserLib", "UserLib\UserLib.csproj", "{A79307AE-C9E8-43A0-ADE3-22C330746D44}"
EndProject
Global
	GlobalSection(SolutionConfigurationPlatforms) = preSolution
		Debug|Any CPU = Debug|Any CPU
		Release|Any CPU = Release|Any CPU
	EndGlobalSection
	GlobalSection(ProjectConfigurationPlatforms) = postSolution
		{54C68FE9-3481-42A4-B510-60E3130DC3DE}.Debug|Any CPU.ActiveCfg = Debug|Any CPU
		{54C68FE9-3481-42A4-B510-60E3130DC3DE}.Debug|Any CPU.Build.0 = Debug|Any CPU
		{54C68FE9-3481-42A4-B510-60E3130DC3DE}.Release|Any CPU.ActiveCfg = Release|Any CPU
		{54C68FE9-3481-42A4-B510-60E3130DC3DE}.Release|Any CPU.Build.0 = Release|Any CPU
		{B296198B-056C-448D-AB08-E78B5D90645C}.Debug|Any CPU.ActiveCfg = Debug|Any CPU
		{B296198B-056C-448D-AB08-E78B5D90645C}.Debug|Any CPU.Build.0 = Debug|Any CPU
		{B296198B-056C-448D-AB08-E78B5D90645C}.Release|Any CPU.ActiveCfg = Release|Any CPU
		{B296198B-056C-448D-AB08-E78B5D90645C}.Release|Any CPU.Build.0 = Release|Any CPU
		{63924E1B-8F41-49C2-AB49-950ECAC9A45E}.Debug|Any CPU.ActiveCfg = Debug|Any CPU
		{63924E1B-8F41-49C2-AB49-950ECAC9A45E}.Debug|Any CPU.Build.0 = Debug|Any CPU
		{63924E1B-8F41-49C2-AB49-950ECAC9A45E}.Release|Any CPU.ActiveCfg = Release|Any CPU
		{63924E1B-8F41-49C2-AB49-950ECAC9A45E}.Release|Any CPU.Build.0 = Release|Any CPU
		{A79307AE-C9E8-43A0-ADE3-22C330746D44}.Debug|Any CPU.ActiveCfg = Debug|Any CPU
		{A79307AE-C9E8-43A0-ADE3-22C330746D44}.Debug|Any CPU.Build.0 = Debug|Any CPU
		{A79307AE-C9E8-43A0-ADE3-22C330746D44}.Release|Any CPU.ActiveCfg = Release|Any CPU
		{A79307AE-C9E8-43A0-ADE3-22C330746D44}.Release|Any CPU.Build.0 = Release|Any CPU
	EndGlobalSection
	GlobalSection(SolutionProperties) = preSolution
		HideSolutionNode = FALSE
	EndGlobalSection
EndGlobal
